
Microsoft Visual Studio Solution File, Format Version 12.00
# Visual Studio Version 17
VisualStudioVersion = 17.13.35507.96
MinimumVisualStudioVersion = 10.0.40219.1
Project("{FAE04EC0-301F-11D3-BF4B-00C04F79EFBC}") = "mcpdotnet", "mcpdotnet\mcpdotnet.csproj", "{12260CD2-AFFC-4B2E-8898-F442CAA1FA0F}"
EndProject
Project("{FAE04EC0-301F-11D3-BF4B-00C04F79EFBC}") = "mcpdotnet.Tests", "mcpdotnet.Tests\mcpdotnet.Tests.csproj", "{FF41F619-833D-4FA2-8C53-04D0A1D5AA61}"
EndProject
Global
	GlobalSection(SolutionConfigurationPlatforms) = preSolution
		Debug|Any CPU = Debug|Any CPU
		Release|Any CPU = Release|Any CPU
	EndGlobalSection
	GlobalSection(ProjectConfigurationPlatforms) = postSolution
		{12260CD2-AFFC-4B2E-8898-F442CAA1FA0F}.Debug|Any CPU.ActiveCfg = Debug|Any CPU
		{12260CD2-AFFC-4B2E-8898-F442CAA1FA0F}.Debug|Any CPU.Build.0 = Debug|Any CPU
		{12260CD2-AFFC-4B2E-8898-F442CAA1FA0F}.Release|Any CPU.ActiveCfg = Release|Any CPU
		{12260CD2-AFFC-4B2E-8898-F442CAA1FA0F}.Release|Any CPU.Build.0 = Release|Any CPU
		{FF41F619-833D-4FA2-8C53-04D0A1D5AA61}.Debug|Any CPU.ActiveCfg = Debug|Any CPU
		{FF41F619-833D-4FA2-8C53-04D0A1D5AA61}.Debug|Any CPU.Build.0 = Debug|Any CPU
		{FF41F619-833D-4FA2-8C53-04D0A1D5AA61}.Release|Any CPU.ActiveCfg = Release|Any CPU
		{FF41F619-833D-4FA2-8C53-04D0A1D5AA61}.Release|Any CPU.Build.0 = Release|Any CPU
	EndGlobalSection
	GlobalSection(SolutionProperties) = preSolution
		HideSolutionNode = FALSE
	EndGlobalSection
	GlobalSection(ExtensibilityGlobals) = postSolution
		SolutionGuid = {384A3888-751F-4D75-9AE5-587330582D89}
	EndGlobalSection
EndGlobal
